// !$*UTF8*$!
{
	archiveVersion = 1;
	classes = {
	};
	objectVersion = 50;
	objects = {

/* Begin PBXBuildFile section */
		F20FDB02262B9C7A00ADC9D1 /* MockModel.swift in Sources */ = {isa = PBXBuildFile; fileRef = F20FDB01262B9C7A00ADC9D1 /* MockModel.swift */; };
		F250928F262C850F0023A42B /* ActivitiesListViewModel.swift in Sources */ = {isa = PBXBuildFile; fileRef = F250928E262C850F0023A42B /* ActivitiesListViewModel.swift */; };
		F2509293262C85430023A42B /* ActivitiesListView.swift in Sources */ = {isa = PBXBuildFile; fileRef = F2509292262C85430023A42B /* ActivitiesListView.swift */; };
		F2509296262CCDC90023A42B /* Interval.swift in Sources */ = {isa = PBXBuildFile; fileRef = F2509295262CCDC90023A42B /* Interval.swift */; };
		F2DA77EA262B5541000174A3 /* Time_TrackerApp.swift in Sources */ = {isa = PBXBuildFile; fileRef = F2DA77E9262B5541000174A3 /* Time_TrackerApp.swift */; };
		F2DA77EC262B5541000174A3 /* MainView.swift in Sources */ = {isa = PBXBuildFile; fileRef = F2DA77EB262B5541000174A3 /* MainView.swift */; };
		F2DA77EE262B5542000174A3 /* Assets.xcassets in Resources */ = {isa = PBXBuildFile; fileRef = F2DA77ED262B5542000174A3 /* Assets.xcassets */; };
		F2DA77F1262B5542000174A3 /* Preview Assets.xcassets in Resources */ = {isa = PBXBuildFile; fileRef = F2DA77F0262B5542000174A3 /* Preview Assets.xcassets */; };
		F2DA77FF262B5660000174A3 /* Model.swift in Sources */ = {isa = PBXBuildFile; fileRef = F2DA77FE262B5660000174A3 /* Model.swift */; };
		F2DA7803262B56A4000174A3 /* Activity.swift in Sources */ = {isa = PBXBuildFile; fileRef = F2DA7802262B56A4000174A3 /* Activity.swift */; };
		F2DA7808262B5756000174A3 /* ActivityCell.swift in Sources */ = {isa = PBXBuildFile; fileRef = F2DA7807262B5756000174A3 /* ActivityCell.swift */; };
		F2DA780C262B5839000174A3 /* ActivityCellViewModel.swift in Sources */ = {isa = PBXBuildFile; fileRef = F2DA780B262B5839000174A3 /* ActivityCellViewModel.swift */; };
/* End PBXBuildFile section */

/* Begin PBXFileReference section */
		F20FDB01262B9C7A00ADC9D1 /* MockModel.swift */ = {isa = PBXFileReference; lastKnownFileType = sourcecode.swift; path = MockModel.swift; sourceTree = "<group>"; };
		F250928E262C850F0023A42B /* ActivitiesListViewModel.swift */ = {isa = PBXFileReference; lastKnownFileType = sourcecode.swift; path = ActivitiesListViewModel.swift; sourceTree = "<group>"; };
		F2509292262C85430023A42B /* ActivitiesListView.swift */ = {isa = PBXFileReference; lastKnownFileType = sourcecode.swift; path = ActivitiesListView.swift; sourceTree = "<group>"; };
		F2509295262CCDC90023A42B /* Interval.swift */ = {isa = PBXFileReference; lastKnownFileType = sourcecode.swift; path = Interval.swift; sourceTree = "<group>"; };
		F2DA77E6262B5541000174A3 /* Time Tracker.app */ = {isa = PBXFileReference; explicitFileType = wrapper.application; includeInIndex = 0; path = "Time Tracker.app"; sourceTree = BUILT_PRODUCTS_DIR; };
		F2DA77E9262B5541000174A3 /* Time_TrackerApp.swift */ = {isa = PBXFileReference; lastKnownFileType = sourcecode.swift; path = Time_TrackerApp.swift; sourceTree = "<group>"; };
		F2DA77EB262B5541000174A3 /* MainView.swift */ = {isa = PBXFileReference; lastKnownFileType = sourcecode.swift; path = MainView.swift; sourceTree = "<group>"; };
		F2DA77ED262B5542000174A3 /* Assets.xcassets */ = {isa = PBXFileReference; lastKnownFileType = folder.assetcatalog; path = Assets.xcassets; sourceTree = "<group>"; };
		F2DA77F0262B5542000174A3 /* Preview Assets.xcassets */ = {isa = PBXFileReference; lastKnownFileType = folder.assetcatalog; path = "Preview Assets.xcassets"; sourceTree = "<group>"; };
		F2DA77F2262B5542000174A3 /* Info.plist */ = {isa = PBXFileReference; lastKnownFileType = text.plist.xml; path = Info.plist; sourceTree = "<group>"; };
		F2DA77FE262B5660000174A3 /* Model.swift */ = {isa = PBXFileReference; lastKnownFileType = sourcecode.swift; path = Model.swift; sourceTree = "<group>"; };
		F2DA7802262B56A4000174A3 /* Activity.swift */ = {isa = PBXFileReference; lastKnownFileType = sourcecode.swift; path = Activity.swift; sourceTree = "<group>"; };
		F2DA7807262B5756000174A3 /* ActivityCell.swift */ = {isa = PBXFileReference; lastKnownFileType = sourcecode.swift; path = ActivityCell.swift; sourceTree = "<group>"; };
		F2DA780B262B5839000174A3 /* ActivityCellViewModel.swift */ = {isa = PBXFileReference; lastKnownFileType = sourcecode.swift; path = ActivityCellViewModel.swift; sourceTree = "<group>"; };
/* End PBXFileReference section */

/* Begin PBXFrameworksBuildPhase section */
		F2DA77E3262B5541000174A3 /* Frameworks */ = {
			isa = PBXFrameworksBuildPhase;
			buildActionMask = 2147483647;
			files = (
			);
			runOnlyForDeploymentPostprocessing = 0;
		};
/* End PBXFrameworksBuildPhase section */

/* Begin PBXGroup section */
		F2DA77DD262B5541000174A3 = {
			isa = PBXGroup;
			children = (
				F2DA77E8262B5541000174A3 /* Time Tracker */,
				F2DA77E7262B5541000174A3 /* Products */,
			);
			sourceTree = "<group>";
		};
		F2DA77E7262B5541000174A3 /* Products */ = {
			isa = PBXGroup;
			children = (
				F2DA77E6262B5541000174A3 /* Time Tracker.app */,
			);
			name = Products;
			sourceTree = "<group>";
		};
		F2DA77E8262B5541000174A3 /* Time Tracker */ = {
			isa = PBXGroup;
			children = (
				F2DA77E9262B5541000174A3 /* Time_TrackerApp.swift */,
				F2DA77FB262B55D6000174A3 /* Main View */,
				F2DA77F9262B5558000174A3 /* Model */,
				F2DA7805262B5709000174A3 /* Activity Subsystem */,
				F2DA7812262B5CBC000174A3 /* View Modifiers */,
				F2DA77ED262B5542000174A3 /* Assets.xcassets */,
				F2DA77F2262B5542000174A3 /* Info.plist */,
				F2DA77EF262B5542000174A3 /* Preview Content */,
			);
			path = "Time Tracker";
			sourceTree = "<group>";
		};
		F2DA77EF262B5542000174A3 /* Preview Content */ = {
			isa = PBXGroup;
			children = (
				F2DA77F0262B5542000174A3 /* Preview Assets.xcassets */,
			);
			path = "Preview Content";
			sourceTree = "<group>";
		};
		F2DA77F9262B5558000174A3 /* Model */ = {
			isa = PBXGroup;
			children = (
				F2DA7801262B5687000174A3 /* Model Objects */,
				F2DA77FE262B5660000174A3 /* Model.swift */,
				F20FDB01262B9C7A00ADC9D1 /* MockModel.swift */,
			);
			path = Model;
			sourceTree = "<group>";
		};
		F2DA77FB262B55D6000174A3 /* Main View */ = {
			isa = PBXGroup;
			children = (
				F2DA77EB262B5541000174A3 /* MainView.swift */,
			);
			path = "Main View";
			sourceTree = "<group>";
		};
		F2DA7801262B5687000174A3 /* Model Objects */ = {
			isa = PBXGroup;
			children = (
				F2DA7802262B56A4000174A3 /* Activity.swift */,
				F2509295262CCDC90023A42B /* Interval.swift */,
			);
			path = "Model Objects";
			sourceTree = "<group>";
		};
		F2DA7805262B5709000174A3 /* Activity Subsystem */ = {
			isa = PBXGroup;
			children = (
				F2DA780A262B5829000174A3 /* View Models */,
				F2DA7806262B572B000174A3 /* Views */,
			);
			path = "Activity Subsystem";
			sourceTree = "<group>";
		};
		F2DA7806262B572B000174A3 /* Views */ = {
			isa = PBXGroup;
			children = (
				F2DA7807262B5756000174A3 /* ActivityCell.swift */,
				F2509292262C85430023A42B /* ActivitiesListView.swift */,
			);
			path = Views;
			sourceTree = "<group>";
		};
		F2DA780A262B5829000174A3 /* View Models */ = {
			isa = PBXGroup;
			children = (
				F2DA780B262B5839000174A3 /* ActivityCellViewModel.swift */,
				F250928E262C850F0023A42B /* ActivitiesListViewModel.swift */,
			);
			path = "View Models";
			sourceTree = "<group>";
		};
		F2DA7812262B5CBC000174A3 /* View Modifiers */ = {
			isa = PBXGroup;
			children = (
			);
			path = "View Modifiers";
			sourceTree = "<group>";
		};
/* End PBXGroup section */

/* Begin PBXNativeTarget section */
		F2DA77E5262B5541000174A3 /* Time Tracker */ = {
			isa = PBXNativeTarget;
			buildConfigurationList = F2DA77F5262B5542000174A3 /* Build configuration list for PBXNativeTarget "Time Tracker" */;
			buildPhases = (
				F2DA77E2262B5541000174A3 /* Sources */,
				F2DA77E3262B5541000174A3 /* Frameworks */,
				F2DA77E4262B5541000174A3 /* Resources */,
			);
			buildRules = (
			);
			dependencies = (
			);
			name = "Time Tracker";
			productName = "Time Tracker";
			productReference = F2DA77E6262B5541000174A3 /* Time Tracker.app */;
			productType = "com.apple.product-type.application";
		};
/* End PBXNativeTarget section */

/* Begin PBXProject section */
		F2DA77DE262B5541000174A3 /* Project object */ = {
			isa = PBXProject;
			attributes = {
				LastSwiftUpdateCheck = 1240;
				LastUpgradeCheck = 1240;
				TargetAttributes = {
					F2DA77E5262B5541000174A3 = {
						CreatedOnToolsVersion = 12.4;
					};
				};
			};
			buildConfigurationList = F2DA77E1262B5541000174A3 /* Build configuration list for PBXProject "Time Tracker" */;
			compatibilityVersion = "Xcode 9.3";
			developmentRegion = en;
			hasScannedForEncodings = 0;
			knownRegions = (
				en,
				Base,
			);
			mainGroup = F2DA77DD262B5541000174A3;
			productRefGroup = F2DA77E7262B5541000174A3 /* Products */;
			projectDirPath = "";
			projectRoot = "";
			targets = (
				F2DA77E5262B5541000174A3 /* Time Tracker */,
			);
		};
/* End PBXProject section */

/* Begin PBXResourcesBuildPhase section */
		F2DA77E4262B5541000174A3 /* Resources */ = {
			isa = PBXResourcesBuildPhase;
			buildActionMask = 2147483647;
			files = (
				F2DA77F1262B5542000174A3 /* Preview Assets.xcassets in Resources */,
				F2DA77EE262B5542000174A3 /* Assets.xcassets in Resources */,
			);
			runOnlyForDeploymentPostprocessing = 0;
		};
/* End PBXResourcesBuildPhase section */

/* Begin PBXSourcesBuildPhase section */
		F2DA77E2262B5541000174A3 /* Sources */ = {
			isa = PBXSourcesBuildPhase;
			buildActionMask = 2147483647;
			files = (
				F2509296262CCDC90023A42B /* Interval.swift in Sources */,
				F2DA7803262B56A4000174A3 /* Activity.swift in Sources */,
				F2509293262C85430023A42B /* ActivitiesListView.swift in Sources */,
				F2DA77FF262B5660000174A3 /* Model.swift in Sources */,
				F2DA77EC262B5541000174A3 /* MainView.swift in Sources */,
				F20FDB02262B9C7A00ADC9D1 /* MockModel.swift in Sources */,
				F250928F262C850F0023A42B /* ActivitiesListViewModel.swift in Sources */,
				F2DA780C262B5839000174A3 /* ActivityCellViewModel.swift in Sources */,
				F2DA77EA262B5541000174A3 /* Time_TrackerApp.swift in Sources */,
				F2DA7808262B5756000174A3 /* ActivityCell.swift in Sources */,
			);
			runOnlyForDeploymentPostprocessing = 0;
		};
/* End PBXSourcesBuildPhase section */

/* Begin XCBuildConfiguration section */
		F2DA77F3262B5542000174A3 /* Debug */ = {
			isa = XCBuildConfiguration;
			buildSettings = {
				ALWAYS_SEARCH_USER_PATHS = NO;
				CLANG_ANALYZER_NONNULL = YES;
				CLANG_ANALYZER_NUMBER_OBJECT_CONVERSION = YES_AGGRESSIVE;
				CLANG_CXX_LANGUAGE_STANDARD = "gnu++14";
				CLANG_CXX_LIBRARY = "libc++";
				CLANG_ENABLE_MODULES = YES;
				CLANG_ENABLE_OBJC_ARC = YES;
				CLANG_ENABLE_OBJC_WEAK = YES;
				CLANG_WARN_BLOCK_CAPTURE_AUTORELEASING = YES;
				CLANG_WARN_BOOL_CONVERSION = YES;
				CLANG_WARN_COMMA = YES;
				CLANG_WARN_CONSTANT_CONVERSION = YES;
				CLANG_WARN_DEPRECATED_OBJC_IMPLEMENTATIONS = YES;
				CLANG_WARN_DIRECT_OBJC_ISA_USAGE = YES_ERROR;
				CLANG_WARN_DOCUMENTATION_COMMENTS = YES;
				CLANG_WARN_EMPTY_BODY = YES;
				CLANG_WARN_ENUM_CONVERSION = YES;
				CLANG_WARN_INFINITE_RECURSION = YES;
				CLANG_WARN_INT_CONVERSION = YES;
				CLANG_WARN_NON_LITERAL_NULL_CONVERSION = YES;
				CLANG_WARN_OBJC_IMPLICIT_RETAIN_SELF = YES;
				CLANG_WARN_OBJC_LITERAL_CONVERSION = YES;
				CLANG_WARN_OBJC_ROOT_CLASS = YES_ERROR;
				CLANG_WARN_QUOTED_INCLUDE_IN_FRAMEWORK_HEADER = YES;
				CLANG_WARN_RANGE_LOOP_ANALYSIS = YES;
				CLANG_WARN_STRICT_PROTOTYPES = YES;
				CLANG_WARN_SUSPICIOUS_MOVE = YES;
				CLANG_WARN_UNGUARDED_AVAILABILITY = YES_AGGRESSIVE;
				CLANG_WARN_UNREACHABLE_CODE = YES;
				CLANG_WARN__DUPLICATE_METHOD_MATCH = YES;
				COPY_PHASE_STRIP = NO;
				DEBUG_INFORMATION_FORMAT = dwarf;
				ENABLE_STRICT_OBJC_MSGSEND = YES;
				ENABLE_TESTABILITY = YES;
				GCC_C_LANGUAGE_STANDARD = gnu11;
				GCC_DYNAMIC_NO_PIC = NO;
				GCC_NO_COMMON_BLOCKS = YES;
				GCC_OPTIMIZATION_LEVEL = 0;
				GCC_PREPROCESSOR_DEFINITIONS = (
					"DEBUG=1",
					"$(inherited)",
				);
				GCC_WARN_64_TO_32_BIT_CONVERSION = YES;
				GCC_WARN_ABOUT_RETURN_TYPE = YES_ERROR;
				GCC_WARN_UNDECLARED_SELECTOR = YES;
				GCC_WARN_UNINITIALIZED_AUTOS = YES_AGGRESSIVE;
				GCC_WARN_UNUSED_FUNCTION = YES;
				GCC_WARN_UNUSED_VARIABLE = YES;
				IPHONEOS_DEPLOYMENT_TARGET = 14.4;
				MTL_ENABLE_DEBUG_INFO = INCLUDE_SOURCE;
				MTL_FAST_MATH = YES;
				ONLY_ACTIVE_ARCH = YES;
				SDKROOT = iphoneos;
				SWIFT_ACTIVE_COMPILATION_CONDITIONS = DEBUG;
				SWIFT_OPTIMIZATION_LEVEL = "-Onone";
			};
			name = Debug;
		};
		F2DA77F4262B5542000174A3 /* Release */ = {
			isa = XCBuildConfiguration;
			buildSettings = {
				ALWAYS_SEARCH_USER_PATHS = NO;
				CLANG_ANALYZER_NONNULL = YES;
				CLANG_ANALYZER_NUMBER_OBJECT_CONVERSION = YES_AGGRESSIVE;
				CLANG_CXX_LANGUAGE_STANDARD = "gnu++14";
				CLANG_CXX_LIBRARY = "libc++";
				CLANG_ENABLE_MODULES = YES;
				CLANG_ENABLE_OBJC_ARC = YES;
				CLANG_ENABLE_OBJC_WEAK = YES;
				CLANG_WARN_BLOCK_CAPTURE_AUTORELEASING = YES;
				CLANG_WARN_BOOL_CONVERSION = YES;
				CLANG_WARN_COMMA = YES;
				CLANG_WARN_CONSTANT_CONVERSION = YES;
				CLANG_WARN_DEPRECATED_OBJC_IMPLEMENTATIONS = YES;
				CLANG_WARN_DIRECT_OBJC_ISA_USAGE = YES_ERROR;
				CLANG_WARN_DOCUMENTATION_COMMENTS = YES;
				CLANG_WARN_EMPTY_BODY = YES;
				CLANG_WARN_ENUM_CONVERSION = YES;
				CLANG_WARN_INFINITE_RECURSION = YES;
				CLANG_WARN_INT_CONVERSION = YES;
				CLANG_WARN_NON_LITERAL_NULL_CONVERSION = YES;
				CLANG_WARN_OBJC_IMPLICIT_RETAIN_SELF = YES;
				CLANG_WARN_OBJC_LITERAL_CONVERSION = YES;
				CLANG_WARN_OBJC_ROOT_CLASS = YES_ERROR;
				CLANG_WARN_QUOTED_INCLUDE_IN_FRAMEWORK_HEADER = YES;
				CLANG_WARN_RANGE_LOOP_ANALYSIS = YES;
				CLANG_WARN_STRICT_PROTOTYPES = YES;
				CLANG_WARN_SUSPICIOUS_MOVE = YES;
				CLANG_WARN_UNGUARDED_AVAILABILITY = YES_AGGRESSIVE;
				CLANG_WARN_UNREACHABLE_CODE = YES;
				CLANG_WARN__DUPLICATE_METHOD_MATCH = YES;
				COPY_PHASE_STRIP = NO;
				DEBUG_INFORMATION_FORMAT = "dwarf-with-dsym";
				ENABLE_NS_ASSERTIONS = NO;
				ENABLE_STRICT_OBJC_MSGSEND = YES;
				GCC_C_LANGUAGE_STANDARD = gnu11;
				GCC_NO_COMMON_BLOCKS = YES;
				GCC_WARN_64_TO_32_BIT_CONVERSION = YES;
				GCC_WARN_ABOUT_RETURN_TYPE = YES_ERROR;
				GCC_WARN_UNDECLARED_SELECTOR = YES;
				GCC_WARN_UNINITIALIZED_AUTOS = YES_AGGRESSIVE;
				GCC_WARN_UNUSED_FUNCTION = YES;
				GCC_WARN_UNUSED_VARIABLE = YES;
				IPHONEOS_DEPLOYMENT_TARGET = 14.4;
				MTL_ENABLE_DEBUG_INFO = NO;
				MTL_FAST_MATH = YES;
				SDKROOT = iphoneos;
				SWIFT_COMPILATION_MODE = wholemodule;
				SWIFT_OPTIMIZATION_LEVEL = "-O";
				VALIDATE_PRODUCT = YES;
			};
			name = Release;
		};
		F2DA77F6262B5542000174A3 /* Debug */ = {
			isa = XCBuildConfiguration;
			buildSettings = {
				ASSETCATALOG_COMPILER_APPICON_NAME = AppIcon;
				ASSETCATALOG_COMPILER_GLOBAL_ACCENT_COLOR_NAME = AccentColor;
				CODE_SIGN_STYLE = Automatic;
				DEVELOPMENT_ASSET_PATHS = "\"Time Tracker/Preview Content\"";
				DEVELOPMENT_TEAM = 7PLLZ436SG;
				ENABLE_PREVIEWS = YES;
				INFOPLIST_FILE = "Time Tracker/Info.plist";
				IPHONEOS_DEPLOYMENT_TARGET = 14.0;
				LD_RUNPATH_SEARCH_PATHS = (
					"$(inherited)",
					"@executable_path/Frameworks",
				);
				PRODUCT_BUNDLE_IDENTIFIER = "de.tum.in.ase.Time-Tracker";
				PRODUCT_NAME = "$(TARGET_NAME)";
				SWIFT_VERSION = 5.0;
				TARGETED_DEVICE_FAMILY = "1,2";
			};
			name = Debug;
		};
		F2DA77F7262B5542000174A3 /* Release */ = {
			isa = XCBuildConfiguration;
			buildSettings = {
				ASSETCATALOG_COMPILER_APPICON_NAME = AppIcon;
				ASSETCATALOG_COMPILER_GLOBAL_ACCENT_COLOR_NAME = AccentColor;
				CODE_SIGN_STYLE = Automatic;
				DEVELOPMENT_ASSET_PATHS = "\"Time Tracker/Preview Content\"";
				DEVELOPMENT_TEAM = 7PLLZ436SG;
				ENABLE_PREVIEWS = YES;
				INFOPLIST_FILE = "Time Tracker/Info.plist";
				IPHONEOS_DEPLOYMENT_TARGET = 14.0;
				LD_RUNPATH_SEARCH_PATHS = (
					"$(inherited)",
					"@executable_path/Frameworks",
				);
				PRODUCT_BUNDLE_IDENTIFIER = "de.tum.in.ase.Time-Tracker";
				PRODUCT_NAME = "$(TARGET_NAME)";
				SWIFT_VERSION = 5.0;
				TARGETED_DEVICE_FAMILY = "1,2";
			};
			name = Release;
		};
/* End XCBuildConfiguration section */

/* Begin XCConfigurationList section */
		F2DA77E1262B5541000174A3 /* Build configuration list for PBXProject "Time Tracker" */ = {
			isa = XCConfigurationList;
			buildConfigurations = (
				F2DA77F3262B5542000174A3 /* Debug */,
				F2DA77F4262B5542000174A3 /* Release */,
			);
			defaultConfigurationIsVisible = 0;
			defaultConfigurationName = Release;
		};
		F2DA77F5262B5542000174A3 /* Build configuration list for PBXNativeTarget "Time Tracker" */ = {
			isa = XCConfigurationList;
			buildConfigurations = (
				F2DA77F6262B5542000174A3 /* Debug */,
				F2DA77F7262B5542000174A3 /* Release */,
			);
			defaultConfigurationIsVisible = 0;
			defaultConfigurationName = Release;
		};
/* End XCConfigurationList section */
	};
	rootObject = F2DA77DE262B5541000174A3 /* Project object */;
}
